
Microsoft Visual Studio Solution File, Format Version 12.00
# Visual Studio Version 17
VisualStudioVersion = 17.3.32819.101
MinimumVisualStudioVersion = 10.0.40219.1
Project("{FAE04EC0-301F-11D3-BF4B-00C04F79EFBC}") = "WebApplication1", "WebApplication1\WebApplication1.csproj", "{3F422092-FCC4-41D9-A851-DE395F204F9A}"
EndProject
Global
	GlobalSection(SolutionConfigurationPlatforms) = preSolution
		Debug|Any CPU = Debug|Any CPU
		Release|Any CPU = Release|Any CPU
	EndGlobalSection
	GlobalSection(ProjectConfigurationPlatforms) = postSolution
		{3F422092-FCC4-41D9-A851-DE395F204F9A}.Debug|Any CPU.ActiveCfg = Debug|Any CPU
		{3F422092-FCC4-41D9-A851-DE395F204F9A}.Debug|Any CPU.Build.0 = Debug|Any CPU
		{3F422092-FCC4-41D9-A851-DE395F204F9A}.Release|Any CPU.ActiveCfg = Release|Any CPU
		{3F422092-FCC4-41D9-A851-DE395F204F9A}.Release|Any CPU.Build.0 = Release|Any CPU
	EndGlobalSection
	GlobalSection(SolutionProperties) = preSolution
		HideSolutionNode = FALSE
	EndGlobalSection
	GlobalSection(ExtensibilityGlobals) = postSolution
		SolutionGuid = {5DAC54D2-BEC8-4EBF-9797-6BBF31010FB2}
	EndGlobalSection
EndGlobal
